
Microsoft Visual Studio Solution File, Format Version 12.00
Project("{FAE04EC0-301F-11D3-BF4B-00C04F79EFBC}") = "FaceSpamLegacy", "FaceSpamLegacy\FaceSpamLegacy.csproj", "{1211A0D5-B373-44A7-B349-7AA9EB27B6C3}"
EndProject
Project("{FAE04EC0-301F-11D3-BF4B-00C04F79EFBC}") = "FaceSpam.DAL", "FaceSpam.DAL\FaceSpam.DAL.csproj", "{30C3B551-C8AC-4C4E-8044-9003C5A0EC9E}"
EndProject
Global
	GlobalSection(SolutionConfigurationPlatforms) = preSolution
		Debug|Any CPU = Debug|Any CPU
		Release|Any CPU = Release|Any CPU
	EndGlobalSection
	GlobalSection(ProjectConfigurationPlatforms) = postSolution
		{1211A0D5-B373-44A7-B349-7AA9EB27B6C3}.Debug|Any CPU.ActiveCfg = Debug|Any CPU
		{1211A0D5-B373-44A7-B349-7AA9EB27B6C3}.Debug|Any CPU.Build.0 = Debug|Any CPU
		{1211A0D5-B373-44A7-B349-7AA9EB27B6C3}.Release|Any CPU.ActiveCfg = Release|Any CPU
		{1211A0D5-B373-44A7-B349-7AA9EB27B6C3}.Release|Any CPU.Build.0 = Release|Any CPU
		{30C3B551-C8AC-4C4E-8044-9003C5A0EC9E}.Debug|Any CPU.ActiveCfg = Debug|Any CPU
		{30C3B551-C8AC-4C4E-8044-9003C5A0EC9E}.Debug|Any CPU.Build.0 = Debug|Any CPU
		{30C3B551-C8AC-4C4E-8044-9003C5A0EC9E}.Release|Any CPU.ActiveCfg = Release|Any CPU
		{30C3B551-C8AC-4C4E-8044-9003C5A0EC9E}.Release|Any CPU.Build.0 = Release|Any CPU
	EndGlobalSection
EndGlobal
